
Microsoft Visual Studio Solution File, Format Version 12.00
# Visual Studio Version 17
VisualStudioVersion = 17.3.32811.315
MinimumVisualStudioVersion = 10.0.40219.1
Project("{9A19103F-16F7-4668-BE54-9A1E7A4F7556}") = "KoreaBis.Busan", "KoreaBis.Busan\KoreaBis.Busan.csproj", "{B9D93F40-4811-4D07-AB66-A17F5FFD1CA7}"
EndProject
Project("{FAE04EC0-301F-11D3-BF4B-00C04F79EFBC}") = "KoreaBis.Busan.Test", "KoreaBis.Busan.Test\KoreaBis.Busan.Test.csproj", "{8C068A1D-3687-4625-9290-9EE0775B089D}"
EndProject
Global
	GlobalSection(SolutionConfigurationPlatforms) = preSolution
		Debug|Any CPU = Debug|Any CPU
		Release|Any CPU = Release|Any CPU
	EndGlobalSection
	GlobalSection(ProjectConfigurationPlatforms) = postSolution
		{B9D93F40-4811-4D07-AB66-A17F5FFD1CA7}.Debug|Any CPU.ActiveCfg = Debug|Any CPU
		{B9D93F40-4811-4D07-AB66-A17F5FFD1CA7}.Debug|Any CPU.Build.0 = Debug|Any CPU
		{B9D93F40-4811-4D07-AB66-A17F5FFD1CA7}.Release|Any CPU.ActiveCfg = Release|Any CPU
		{B9D93F40-4811-4D07-AB66-A17F5FFD1CA7}.Release|Any CPU.Build.0 = Release|Any CPU
		{8C068A1D-3687-4625-9290-9EE0775B089D}.Debug|Any CPU.ActiveCfg = Debug|Any CPU
		{8C068A1D-3687-4625-9290-9EE0775B089D}.Debug|Any CPU.Build.0 = Debug|Any CPU
		{8C068A1D-3687-4625-9290-9EE0775B089D}.Release|Any CPU.ActiveCfg = Release|Any CPU
		{8C068A1D-3687-4625-9290-9EE0775B089D}.Release|Any CPU.Build.0 = Release|Any CPU
	EndGlobalSection
	GlobalSection(SolutionProperties) = preSolution
		HideSolutionNode = FALSE
	EndGlobalSection
	GlobalSection(ExtensibilityGlobals) = postSolution
		SolutionGuid = {7369BE27-6F46-4675-808F-FAD6223F6394}
	EndGlobalSection
EndGlobal
